
Microsoft Visual Studio Solution File, Format Version 12.00
# Visual Studio Version 16
VisualStudioVersion = 25.0.1705.2
MinimumVisualStudioVersion = 10.0.40219.1
Project("{FAE04EC0-301F-11D3-BF4B-00C04F79EFBC}") = "ActivityReport", "SendChatPushNotifications\ActivityReport.csproj", "{E01051FC-76E3-44D4-B096-303C8370C1A0}"
EndProject
Global
	GlobalSection(SolutionConfigurationPlatforms) = preSolution
		Debug|Any CPU = Debug|Any CPU
		Release|Any CPU = Release|Any CPU
	EndGlobalSection
	GlobalSection(ProjectConfigurationPlatforms) = postSolution
		{E01051FC-76E3-44D4-B096-303C8370C1A0}.Debug|Any CPU.ActiveCfg = Debug|Any CPU
		{E01051FC-76E3-44D4-B096-303C8370C1A0}.Debug|Any CPU.Build.0 = Debug|Any CPU
		{E01051FC-76E3-44D4-B096-303C8370C1A0}.Release|Any CPU.ActiveCfg = Release|Any CPU
		{E01051FC-76E3-44D4-B096-303C8370C1A0}.Release|Any CPU.Build.0 = Release|Any CPU
	EndGlobalSection
	GlobalSection(SolutionProperties) = preSolution
		HideSolutionNode = FALSE
	EndGlobalSection
	GlobalSection(ExtensibilityGlobals) = postSolution
		SolutionGuid = {634BF27B-2C24-48B8-981A-3A4A3B517B4F}
	EndGlobalSection
EndGlobal
